{
    "name": "htdocs",
    "lockfileVersion": 2,
    "requires": true,
    "packages": {
        "": {
            "dependencies": {
                "jquery": "^3.6.0",
                "sweetalert2": "^11.4.4"
            }
        },
        "node_modules/jquery": {
            "version": "3.6.0",
            "resolved": "https://registry.npmjs.org/jquery/-/jquery-3.6.0.tgz",
            "integrity": "sha512-JVzAR/AjBvVt2BmYhxRCSYysDsPcssdmTFnzyLEts9qNwmjmu4JTAMYubEfwVOSwpQ1I1sKKFcxhZCI2buerfw=="
        },
        "node_modules/sweetalert2": {
            "version": "11.4.4",
            "resolved": "https://registry.npmjs.org/sweetalert2/-/sweetalert2-11.4.4.tgz",
            "integrity": "sha512-9yYWQuRT1v9JNI/paPTSYV+68MHwe9C+HQ/I2jtfaFzoJgYRftWXOs4JqmDSjT7m2m4r8ebMMn8LcxD1Wq9B/w==",
            "funding": {
                "url": "https://sweetalert2.github.io/#donations"
            }
        }
    },
    "dependencies": {
        "jquery": {
            "version": "3.6.0",
            "resolved": "https://registry.npmjs.org/jquery/-/jquery-3.6.0.tgz",
            "integrity": "sha512-JVzAR/AjBvVt2BmYhxRCSYysDsPcssdmTFnzyLEts9qNwmjmu4JTAMYubEfwVOSwpQ1I1sKKFcxhZCI2buerfw=="
        },
        "sweetalert2": {
            "version": "11.4.4",
            "resolved": "https://registry.npmjs.org/sweetalert2/-/sweetalert2-11.4.4.tgz",
            "integrity": "sha512-9yYWQuRT1v9JNI/paPTSYV+68MHwe9C+HQ/I2jtfaFzoJgYRftWXOs4JqmDSjT7m2m4r8ebMMn8LcxD1Wq9B/w=="
        }
    }
}