{
  "name": "assets",
  "lockfileVersion": 2,
  "requires": true,
  "packages": {
    "": {
      "dependencies": {
        "datatables.net-bs5": "^1.11.5"
      }
    },
    "node_modules/datatables.net": {
      "version": "1.11.5",
      "resolved": "https://registry.npmjs.org/datatables.net/-/datatables.net-1.11.5.tgz",
      "integrity": "sha512-nlFst2xfwSWaQgaOg5sXVG3cxYC0tH8E8d65289w9ROgF2TmLULOOpcdMpyxxUim/qEwVSEem42RjkTWEpr3eA==",
      "dependencies": {
        "jquery": ">=1.7"
      }
    },
    "node_modules/datatables.net-bs5": {
      "version": "1.11.5",
      "resolved": "https://registry.npmjs.org/datatables.net-bs5/-/datatables.net-bs5-1.11.5.tgz",
      "integrity": "sha512-1zyh972GtuK1uAb9h8nP3jJ7f/3UgCDq69LAaZS2bVd4mEHECJ6vrZLacxrkOHOs/q/H3v5sEMeZ46vXz8ox4w==",
      "dependencies": {
        "datatables.net": ">=1.11.3",
        "jquery": ">=1.7"
      }
    },
    "node_modules/jquery": {
      "version": "3.6.0",
      "resolved": "https://registry.npmjs.org/jquery/-/jquery-3.6.0.tgz",
      "integrity": "sha512-JVzAR/AjBvVt2BmYhxRCSYysDsPcssdmTFnzyLEts9qNwmjmu4JTAMYubEfwVOSwpQ1I1sKKFcxhZCI2buerfw=="
    }
  },
  "dependencies": {
    "datatables.net": {
      "version": "1.11.5",
      "resolved": "https://registry.npmjs.org/datatables.net/-/datatables.net-1.11.5.tgz",
      "integrity": "sha512-nlFst2xfwSWaQgaOg5sXVG3cxYC0tH8E8d65289w9ROgF2TmLULOOpcdMpyxxUim/qEwVSEem42RjkTWEpr3eA==",
      "requires": {
        "jquery": ">=1.7"
      }
    },
    "datatables.net-bs5": {
      "version": "1.11.5",
      "resolved": "https://registry.npmjs.org/datatables.net-bs5/-/datatables.net-bs5-1.11.5.tgz",
      "integrity": "sha512-1zyh972GtuK1uAb9h8nP3jJ7f/3UgCDq69LAaZS2bVd4mEHECJ6vrZLacxrkOHOs/q/H3v5sEMeZ46vXz8ox4w==",
      "requires": {
        "datatables.net": ">=1.11.3",
        "jquery": ">=1.7"
      }
    },
    "jquery": {
      "version": "3.6.0",
      "resolved": "https://registry.npmjs.org/jquery/-/jquery-3.6.0.tgz",
      "integrity": "sha512-JVzAR/AjBvVt2BmYhxRCSYysDsPcssdmTFnzyLEts9qNwmjmu4JTAMYubEfwVOSwpQ1I1sKKFcxhZCI2buerfw=="
    }
  }
}
